// !$*UTF8*$!
{
	archiveVersion = 1;
	classes = {
	};
	objectVersion = 50;
	objects = {

/* Begin PBXBuildFile section */
		4F44C28025874D3200FFAD31 /* AppDelegate.swift in Sources */ = {isa = PBXBuildFile; fileRef = 4F44C27F25874D3200FFAD31 /* AppDelegate.swift */; };
		4F44C28225874D3200FFAD31 /* SceneDelegate.swift in Sources */ = {isa = PBXBuildFile; fileRef = 4F44C28125874D3200FFAD31 /* SceneDelegate.swift */; };
		4F44C28425874D3200FFAD31 /* ViewController.swift in Sources */ = {isa = PBXBuildFile; fileRef = 4F44C28325874D3200FFAD31 /* ViewController.swift */; };
		4F44C28725874D3200FFAD31 /* Main.storyboard in Resources */ = {isa = PBXBuildFile; fileRef = 4F44C28525874D3200FFAD31 /* Main.storyboard */; };
		4F44C28925874D3500FFAD31 /* Assets.xcassets in Resources */ = {isa = PBXBuildFile; fileRef = 4F44C28825874D3500FFAD31 /* Assets.xcassets */; };
		4F44C28C25874D3500FFAD31 /* LaunchScreen.storyboard in Resources */ = {isa = PBXBuildFile; fileRef = 4F44C28A25874D3500FFAD31 /* LaunchScreen.storyboard */; };
		4F44C29725874D3600FFAD31 /* GridPhotoWallPracticeTests.swift in Sources */ = {isa = PBXBuildFile; fileRef = 4F44C29625874D3600FFAD31 /* GridPhotoWallPracticeTests.swift */; };
		4F44C2A225874D3600FFAD31 /* GridPhotoWallPracticeUITests.swift in Sources */ = {isa = PBXBuildFile; fileRef = 4F44C2A125874D3600FFAD31 /* GridPhotoWallPracticeUITests.swift */; };
/* End PBXBuildFile section */

/* Begin PBXContainerItemProxy section */
		4F44C29325874D3600FFAD31 /* PBXContainerItemProxy */ = {
			isa = PBXContainerItemProxy;
			containerPortal = 4F44C27425874D3200FFAD31 /* Project object */;
			proxyType = 1;
			remoteGlobalIDString = 4F44C27B25874D3200FFAD31;
			remoteInfo = GridPhotoWallPractice;
		};
		4F44C29E25874D3600FFAD31 /* PBXContainerItemProxy */ = {
			isa = PBXContainerItemProxy;
			containerPortal = 4F44C27425874D3200FFAD31 /* Project object */;
			proxyType = 1;
			remoteGlobalIDString = 4F44C27B25874D3200FFAD31;
			remoteInfo = GridPhotoWallPractice;
		};
/* End PBXContainerItemProxy section */

/* Begin PBXFileReference section */
		4F44C27C25874D3200FFAD31 /* GridPhotoWallPractice.app */ = {isa = PBXFileReference; explicitFileType = wrapper.application; includeInIndex = 0; path = GridPhotoWallPractice.app; sourceTree = BUILT_PRODUCTS_DIR; };
		4F44C27F25874D3200FFAD31 /* AppDelegate.swift */ = {isa = PBXFileReference; lastKnownFileType = sourcecode.swift; path = AppDelegate.swift; sourceTree = "<group>"; };
		4F44C28125874D3200FFAD31 /* SceneDelegate.swift */ = {isa = PBXFileReference; lastKnownFileType = sourcecode.swift; path = SceneDelegate.swift; sourceTree = "<group>"; };
		4F44C28325874D3200FFAD31 /* ViewController.swift */ = {isa = PBXFileReference; lastKnownFileType = sourcecode.swift; path = ViewController.swift; sourceTree = "<group>"; };
		4F44C28625874D3200FFAD31 /* Base */ = {isa = PBXFileReference; lastKnownFileType = file.storyboard; name = Base; path = Base.lproj/Main.storyboard; sourceTree = "<group>"; };
		4F44C28825874D3500FFAD31 /* Assets.xcassets */ = {isa = PBXFileReference; lastKnownFileType = folder.assetcatalog; path = Assets.xcassets; sourceTree = "<group>"; };
		4F44C28B25874D3500FFAD31 /* Base */ = {isa = PBXFileReference; lastKnownFileType = file.storyboard; name = Base; path = Base.lproj/LaunchScreen.storyboard; sourceTree = "<group>"; };
		4F44C28D25874D3500FFAD31 /* Info.plist */ = {isa = PBXFileReference; lastKnownFileType = text.plist.xml; path = Info.plist; sourceTree = "<group>"; };
		4F44C29225874D3600FFAD31 /* GridPhotoWallPracticeTests.xctest */ = {isa = PBXFileReference; explicitFileType = wrapper.cfbundle; includeInIndex = 0; path = GridPhotoWallPracticeTests.xctest; sourceTree = BUILT_PRODUCTS_DIR; };
		4F44C29625874D3600FFAD31 /* GridPhotoWallPracticeTests.swift */ = {isa = PBXFileReference; lastKnownFileType = sourcecode.swift; path = GridPhotoWallPracticeTests.swift; sourceTree = "<group>"; };
		4F44C29825874D3600FFAD31 /* Info.plist */ = {isa = PBXFileReference; lastKnownFileType = text.plist.xml; path = Info.plist; sourceTree = "<group>"; };
		4F44C29D25874D3600FFAD31 /* GridPhotoWallPracticeUITests.xctest */ = {isa = PBXFileReference; explicitFileType = wrapper.cfbundle; includeInIndex = 0; path = GridPhotoWallPracticeUITests.xctest; sourceTree = BUILT_PRODUCTS_DIR; };
		4F44C2A125874D3600FFAD31 /* GridPhotoWallPracticeUITests.swift */ = {isa = PBXFileReference; lastKnownFileType = sourcecode.swift; path = GridPhotoWallPracticeUITests.swift; sourceTree = "<group>"; };
		4F44C2A325874D3600FFAD31 /* Info.plist */ = {isa = PBXFileReference; lastKnownFileType = text.plist.xml; path = Info.plist; sourceTree = "<group>"; };
/* End PBXFileReference section */

/* Begin PBXFrameworksBuildPhase section */
		4F44C27925874D3200FFAD31 /* Frameworks */ = {
			isa = PBXFrameworksBuildPhase;
			buildActionMask = 2147483647;
			files = (
			);
			runOnlyForDeploymentPostprocessing = 0;
		};
		4F44C28F25874D3600FFAD31 /* Frameworks */ = {
			isa = PBXFrameworksBuildPhase;
			buildActionMask = 2147483647;
			files = (
			);
			runOnlyForDeploymentPostprocessing = 0;
		};
		4F44C29A25874D3600FFAD31 /* Frameworks */ = {
			isa = PBXFrameworksBuildPhase;
			buildActionMask = 2147483647;
			files = (
			);
			runOnlyForDeploymentPostprocessing = 0;
		};
/* End PBXFrameworksBuildPhase section */

/* Begin PBXGroup section */
		4F44C27325874D3200FFAD31 = {
			isa = PBXGroup;
			children = (
				4F44C27E25874D3200FFAD31 /* GridPhotoWallPractice */,
				4F44C29525874D3600FFAD31 /* GridPhotoWallPracticeTests */,
				4F44C2A025874D3600FFAD31 /* GridPhotoWallPracticeUITests */,
				4F44C27D25874D3200FFAD31 /* Products */,
			);
			sourceTree = "<group>";
		};
		4F44C27D25874D3200FFAD31 /* Products */ = {
			isa = PBXGroup;
			children = (
				4F44C27C25874D3200FFAD31 /* GridPhotoWallPractice.app */,
				4F44C29225874D3600FFAD31 /* GridPhotoWallPracticeTests.xctest */,
				4F44C29D25874D3600FFAD31 /* GridPhotoWallPracticeUITests.xctest */,
			);
			name = Products;
			sourceTree = "<group>";
		};
		4F44C27E25874D3200FFAD31 /* GridPhotoWallPractice */ = {
			isa = PBXGroup;
			children = (
				4F44C27F25874D3200FFAD31 /* AppDelegate.swift */,
				4F44C28125874D3200FFAD31 /* SceneDelegate.swift */,
				4F44C28325874D3200FFAD31 /* ViewController.swift */,
				4F44C28525874D3200FFAD31 /* Main.storyboard */,
				4F44C28825874D3500FFAD31 /* Assets.xcassets */,
				4F44C28A25874D3500FFAD31 /* LaunchScreen.storyboard */,
				4F44C28D25874D3500FFAD31 /* Info.plist */,
			);
			path = GridPhotoWallPractice;
			sourceTree = "<group>";
		};
		4F44C29525874D3600FFAD31 /* GridPhotoWallPracticeTests */ = {
			isa = PBXGroup;
			children = (
				4F44C29625874D3600FFAD31 /* GridPhotoWallPracticeTests.swift */,
				4F44C29825874D3600FFAD31 /* Info.plist */,
			);
			path = GridPhotoWallPracticeTests;
			sourceTree = "<group>";
		};
		4F44C2A025874D3600FFAD31 /* GridPhotoWallPracticeUITests */ = {
			isa = PBXGroup;
			children = (
				4F44C2A125874D3600FFAD31 /* GridPhotoWallPracticeUITests.swift */,
				4F44C2A325874D3600FFAD31 /* Info.plist */,
			);
			path = GridPhotoWallPracticeUITests;
			sourceTree = "<group>";
		};
/* End PBXGroup section */

/* Begin PBXNativeTarget section */
		4F44C27B25874D3200FFAD31 /* GridPhotoWallPractice */ = {
			isa = PBXNativeTarget;
			buildConfigurationList = 4F44C2A625874D3600FFAD31 /* Build configuration list for PBXNativeTarget "GridPhotoWallPractice" */;
			buildPhases = (
				4F44C27825874D3200FFAD31 /* Sources */,
				4F44C27925874D3200FFAD31 /* Frameworks */,
				4F44C27A25874D3200FFAD31 /* Resources */,
			);
			buildRules = (
			);
			dependencies = (
			);
			name = GridPhotoWallPractice;
			productName = GridPhotoWallPractice;
			productReference = 4F44C27C25874D3200FFAD31 /* GridPhotoWallPractice.app */;
			productType = "com.apple.product-type.application";
		};
		4F44C29125874D3600FFAD31 /* GridPhotoWallPracticeTests */ = {
			isa = PBXNativeTarget;
			buildConfigurationList = 4F44C2A925874D3600FFAD31 /* Build configuration list for PBXNativeTarget "GridPhotoWallPracticeTests" */;
			buildPhases = (
				4F44C28E25874D3600FFAD31 /* Sources */,
				4F44C28F25874D3600FFAD31 /* Frameworks */,
				4F44C29025874D3600FFAD31 /* Resources */,
			);
			buildRules = (
			);
			dependencies = (
				4F44C29425874D3600FFAD31 /* PBXTargetDependency */,
			);
			name = GridPhotoWallPracticeTests;
			productName = GridPhotoWallPracticeTests;
			productReference = 4F44C29225874D3600FFAD31 /* GridPhotoWallPracticeTests.xctest */;
			productType = "com.apple.product-type.bundle.unit-test";
		};
		4F44C29C25874D3600FFAD31 /* GridPhotoWallPracticeUITests */ = {
			isa = PBXNativeTarget;
			buildConfigurationList = 4F44C2AC25874D3600FFAD31 /* Build configuration list for PBXNativeTarget "GridPhotoWallPracticeUITests" */;
			buildPhases = (
				4F44C29925874D3600FFAD31 /* Sources */,
				4F44C29A25874D3600FFAD31 /* Frameworks */,
				4F44C29B25874D3600FFAD31 /* Resources */,
			);
			buildRules = (
			);
			dependencies = (
				4F44C29F25874D3600FFAD31 /* PBXTargetDependency */,
			);
			name = GridPhotoWallPracticeUITests;
			productName = GridPhotoWallPracticeUITests;
			productReference = 4F44C29D25874D3600FFAD31 /* GridPhotoWallPracticeUITests.xctest */;
			productType = "com.apple.product-type.bundle.ui-testing";
		};
/* End PBXNativeTarget section */

/* Begin PBXProject section */
		4F44C27425874D3200FFAD31 /* Project object */ = {
			isa = PBXProject;
			attributes = {
				LastSwiftUpdateCheck = 1220;
				LastUpgradeCheck = 1220;
				TargetAttributes = {
					4F44C27B25874D3200FFAD31 = {
						CreatedOnToolsVersion = 12.2;
					};
					4F44C29125874D3600FFAD31 = {
						CreatedOnToolsVersion = 12.2;
						TestTargetID = 4F44C27B25874D3200FFAD31;
					};
					4F44C29C25874D3600FFAD31 = {
						CreatedOnToolsVersion = 12.2;
						TestTargetID = 4F44C27B25874D3200FFAD31;
					};
				};
			};
			buildConfigurationList = 4F44C27725874D3200FFAD31 /* Build configuration list for PBXProject "GridPhotoWallPractice" */;
			compatibilityVersion = "Xcode 9.3";
			developmentRegion = en;
			hasScannedForEncodings = 0;
			knownRegions = (
				en,
				Base,
			);
			mainGroup = 4F44C27325874D3200FFAD31;
			productRefGroup = 4F44C27D25874D3200FFAD31 /* Products */;
			projectDirPath = "";
			projectRoot = "";
			targets = (
				4F44C27B25874D3200FFAD31 /* GridPhotoWallPractice */,
				4F44C29125874D3600FFAD31 /* GridPhotoWallPracticeTests */,
				4F44C29C25874D3600FFAD31 /* GridPhotoWallPracticeUITests */,
			);
		};
/* End PBXProject section */

/* Begin PBXResourcesBuildPhase section */
		4F44C27A25874D3200FFAD31 /* Resources */ = {
			isa = PBXResourcesBuildPhase;
			buildActionMask = 2147483647;
			files = (
				4F44C28C25874D3500FFAD31 /* LaunchScreen.storyboard in Resources */,
				4F44C28925874D3500FFAD31 /* Assets.xcassets in Resources */,
				4F44C28725874D3200FFAD31 /* Main.storyboard in Resources */,
			);
			runOnlyForDeploymentPostprocessing = 0;
		};
		4F44C29025874D3600FFAD31 /* Resources */ = {
			isa = PBXResourcesBuildPhase;
			buildActionMask = 2147483647;
			files = (
			);
			runOnlyForDeploymentPostprocessing = 0;
		};
		4F44C29B25874D3600FFAD31 /* Resources */ = {
			isa = PBXResourcesBuildPhase;
			buildActionMask = 2147483647;
			files = (
			);
			runOnlyForDeploymentPostprocessing = 0;
		};
/* End PBXResourcesBuildPhase section */

/* Begin PBXSourcesBuildPhase section */
		4F44C27825874D3200FFAD31 /* Sources */ = {
			isa = PBXSourcesBuildPhase;
			buildActionMask = 2147483647;
			files = (
				4F44C28425874D3200FFAD31 /* ViewController.swift in Sources */,
				4F44C28025874D3200FFAD31 /* AppDelegate.swift in Sources */,
				4F44C28225874D3200FFAD31 /* SceneDelegate.swift in Sources */,
			);
			runOnlyForDeploymentPostprocessing = 0;
		};
		4F44C28E25874D3600FFAD31 /* Sources */ = {
			isa = PBXSourcesBuildPhase;
			buildActionMask = 2147483647;
			files = (
				4F44C29725874D3600FFAD31 /* GridPhotoWallPracticeTests.swift in Sources */,
			);
			runOnlyForDeploymentPostprocessing = 0;
		};
		4F44C29925874D3600FFAD31 /* Sources */ = {
			isa = PBXSourcesBuildPhase;
			buildActionMask = 2147483647;
			files = (
				4F44C2A225874D3600FFAD31 /* GridPhotoWallPracticeUITests.swift in Sources */,
			);
			runOnlyForDeploymentPostprocessing = 0;
		};
/* End PBXSourcesBuildPhase section */

/* Begin PBXTargetDependency section */
		4F44C29425874D3600FFAD31 /* PBXTargetDependency */ = {
			isa = PBXTargetDependency;
			target = 4F44C27B25874D3200FFAD31 /* GridPhotoWallPractice */;
			targetProxy = 4F44C29325874D3600FFAD31 /* PBXContainerItemProxy */;
		};
		4F44C29F25874D3600FFAD31 /* PBXTargetDependency */ = {
			isa = PBXTargetDependency;
			target = 4F44C27B25874D3200FFAD31 /* GridPhotoWallPractice */;
			targetProxy = 4F44C29E25874D3600FFAD31 /* PBXContainerItemProxy */;
		};
/* End PBXTargetDependency section */

/* Begin PBXVariantGroup section */
		4F44C28525874D3200FFAD31 /* Main.storyboard */ = {
			isa = PBXVariantGroup;
			children = (
				4F44C28625874D3200FFAD31 /* Base */,
			);
			name = Main.storyboard;
			sourceTree = "<group>";
		};
		4F44C28A25874D3500FFAD31 /* LaunchScreen.storyboard */ = {
			isa = PBXVariantGroup;
			children = (
				4F44C28B25874D3500FFAD31 /* Base */,
			);
			name = LaunchScreen.storyboard;
			sourceTree = "<group>";
		};
/* End PBXVariantGroup section */

/* Begin XCBuildConfiguration section */
		4F44C2A425874D3600FFAD31 /* Debug */ = {
			isa = XCBuildConfiguration;
			buildSettings = {
				ALWAYS_SEARCH_USER_PATHS = NO;
				CLANG_ANALYZER_NONNULL = YES;
				CLANG_ANALYZER_NUMBER_OBJECT_CONVERSION = YES_AGGRESSIVE;
				CLANG_CXX_LANGUAGE_STANDARD = "gnu++14";
				CLANG_CXX_LIBRARY = "libc++";
				CLANG_ENABLE_MODULES = YES;
				CLANG_ENABLE_OBJC_ARC = YES;
				CLANG_ENABLE_OBJC_WEAK = YES;
				CLANG_WARN_BLOCK_CAPTURE_AUTORELEASING = YES;
				CLANG_WARN_BOOL_CONVERSION = YES;
				CLANG_WARN_COMMA = YES;
				CLANG_WARN_CONSTANT_CONVERSION = YES;
				CLANG_WARN_DEPRECATED_OBJC_IMPLEMENTATIONS = YES;
				CLANG_WARN_DIRECT_OBJC_ISA_USAGE = YES_ERROR;
				CLANG_WARN_DOCUMENTATION_COMMENTS = YES;
				CLANG_WARN_EMPTY_BODY = YES;
				CLANG_WARN_ENUM_CONVERSION = YES;
				CLANG_WARN_INFINITE_RECURSION = YES;
				CLANG_WARN_INT_CONVERSION = YES;
				CLANG_WARN_NON_LITERAL_NULL_CONVERSION = YES;
				CLANG_WARN_OBJC_IMPLICIT_RETAIN_SELF = YES;
				CLANG_WARN_OBJC_LITERAL_CONVERSION = YES;
				CLANG_WARN_OBJC_ROOT_CLASS = YES_ERROR;
				CLANG_WARN_QUOTED_INCLUDE_IN_FRAMEWORK_HEADER = YES;
				CLANG_WARN_RANGE_LOOP_ANALYSIS = YES;
				CLANG_WARN_STRICT_PROTOTYPES = YES;
				CLANG_WARN_SUSPICIOUS_MOVE = YES;
				CLANG_WARN_UNGUARDED_AVAILABILITY = YES_AGGRESSIVE;
				CLANG_WARN_UNREACHABLE_CODE = YES;
				CLANG_WARN__DUPLICATE_METHOD_MATCH = YES;
				COPY_PHASE_STRIP = NO;
				DEBUG_INFORMATION_FORMAT = dwarf;
				ENABLE_STRICT_OBJC_MSGSEND = YES;
				ENABLE_TESTABILITY = YES;
				GCC_C_LANGUAGE_STANDARD = gnu11;
				GCC_DYNAMIC_NO_PIC = NO;
				GCC_NO_COMMON_BLOCKS = YES;
				GCC_OPTIMIZATION_LEVEL = 0;
				GCC_PREPROCESSOR_DEFINITIONS = (
					"DEBUG=1",
					"$(inherited)",
				);
				GCC_WARN_64_TO_32_BIT_CONVERSION = YES;
				GCC_WARN_ABOUT_RETURN_TYPE = YES_ERROR;
				GCC_WARN_UNDECLARED_SELECTOR = YES;
				GCC_WARN_UNINITIALIZED_AUTOS = YES_AGGRESSIVE;
				GCC_WARN_UNUSED_FUNCTION = YES;
				GCC_WARN_UNUSED_VARIABLE = YES;
				IPHONEOS_DEPLOYMENT_TARGET = 14.2;
				MTL_ENABLE_DEBUG_INFO = INCLUDE_SOURCE;
				MTL_FAST_MATH = YES;
				ONLY_ACTIVE_ARCH = YES;
				SDKROOT = iphoneos;
				SWIFT_ACTIVE_COMPILATION_CONDITIONS = DEBUG;
				SWIFT_OPTIMIZATION_LEVEL = "-Onone";
			};
			name = Debug;
		};
		4F44C2A525874D3600FFAD31 /* Release */ = {
			isa = XCBuildConfiguration;
			buildSettings = {
				ALWAYS_SEARCH_USER_PATHS = NO;
				CLANG_ANALYZER_NONNULL = YES;
				CLANG_ANALYZER_NUMBER_OBJECT_CONVERSION = YES_AGGRESSIVE;
				CLANG_CXX_LANGUAGE_STANDARD = "gnu++14";
				CLANG_CXX_LIBRARY = "libc++";
				CLANG_ENABLE_MODULES = YES;
				CLANG_ENABLE_OBJC_ARC = YES;
				CLANG_ENABLE_OBJC_WEAK = YES;
				CLANG_WARN_BLOCK_CAPTURE_AUTORELEASING = YES;
				CLANG_WARN_BOOL_CONVERSION = YES;
				CLANG_WARN_COMMA = YES;
				CLANG_WARN_CONSTANT_CONVERSION = YES;
				CLANG_WARN_DEPRECATED_OBJC_IMPLEMENTATIONS = YES;
				CLANG_WARN_DIRECT_OBJC_ISA_USAGE = YES_ERROR;
				CLANG_WARN_DOCUMENTATION_COMMENTS = YES;
				CLANG_WARN_EMPTY_BODY = YES;
				CLANG_WARN_ENUM_CONVERSION = YES;
				CLANG_WARN_INFINITE_RECURSION = YES;
				CLANG_WARN_INT_CONVERSION = YES;
				CLANG_WARN_NON_LITERAL_NULL_CONVERSION = YES;
				CLANG_WARN_OBJC_IMPLICIT_RETAIN_SELF = YES;
				CLANG_WARN_OBJC_LITERAL_CONVERSION = YES;
				CLANG_WARN_OBJC_ROOT_CLASS = YES_ERROR;
				CLANG_WARN_QUOTED_INCLUDE_IN_FRAMEWORK_HEADER = YES;
				CLANG_WARN_RANGE_LOOP_ANALYSIS = YES;
				CLANG_WARN_STRICT_PROTOTYPES = YES;
				CLANG_WARN_SUSPICIOUS_MOVE = YES;
				CLANG_WARN_UNGUARDED_AVAILABILITY = YES_AGGRESSIVE;
				CLANG_WARN_UNREACHABLE_CODE = YES;
				CLANG_WARN__DUPLICATE_METHOD_MATCH = YES;
				COPY_PHASE_STRIP = NO;
				DEBUG_INFORMATION_FORMAT = "dwarf-with-dsym";
				ENABLE_NS_ASSERTIONS = NO;
				ENABLE_STRICT_OBJC_MSGSEND = YES;
				GCC_C_LANGUAGE_STANDARD = gnu11;
				GCC_NO_COMMON_BLOCKS = YES;
				GCC_WARN_64_TO_32_BIT_CONVERSION = YES;
				GCC_WARN_ABOUT_RETURN_TYPE = YES_ERROR;
				GCC_WARN_UNDECLARED_SELECTOR = YES;
				GCC_WARN_UNINITIALIZED_AUTOS = YES_AGGRESSIVE;
				GCC_WARN_UNUSED_FUNCTION = YES;
				GCC_WARN_UNUSED_VARIABLE = YES;
				IPHONEOS_DEPLOYMENT_TARGET = 14.2;
				MTL_ENABLE_DEBUG_INFO = NO;
				MTL_FAST_MATH = YES;
				SDKROOT = iphoneos;
				SWIFT_COMPILATION_MODE = wholemodule;
				SWIFT_OPTIMIZATION_LEVEL = "-O";
				VALIDATE_PRODUCT = YES;
			};
			name = Release;
		};
		4F44C2A725874D3600FFAD31 /* Debug */ = {
			isa = XCBuildConfiguration;
			buildSettings = {
				ASSETCATALOG_COMPILER_APPICON_NAME = AppIcon;
				ASSETCATALOG_COMPILER_GLOBAL_ACCENT_COLOR_NAME = AccentColor;
				CODE_SIGN_STYLE = Automatic;
				DEVELOPMENT_TEAM = 6U2TAM5353;
				INFOPLIST_FILE = GridPhotoWallPractice/Info.plist;
				LD_RUNPATH_SEARCH_PATHS = (
					"$(inherited)",
					"@executable_path/Frameworks",
				);
				PRODUCT_BUNDLE_IDENTIFIER = com.krauserhuang.GridPhotoWallPractice;
				PRODUCT_NAME = "$(TARGET_NAME)";
				SWIFT_VERSION = 5.0;
				TARGETED_DEVICE_FAMILY = "1,2";
			};
			name = Debug;
		};
		4F44C2A825874D3600FFAD31 /* Release */ = {
			isa = XCBuildConfiguration;
			buildSettings = {
				ASSETCATALOG_COMPILER_APPICON_NAME = AppIcon;
				ASSETCATALOG_COMPILER_GLOBAL_ACCENT_COLOR_NAME = AccentColor;
				CODE_SIGN_STYLE = Automatic;
				DEVELOPMENT_TEAM = 6U2TAM5353;
				INFOPLIST_FILE = GridPhotoWallPractice/Info.plist;
				LD_RUNPATH_SEARCH_PATHS = (
					"$(inherited)",
					"@executable_path/Frameworks",
				);
				PRODUCT_BUNDLE_IDENTIFIER = com.krauserhuang.GridPhotoWallPractice;
				PRODUCT_NAME = "$(TARGET_NAME)";
				SWIFT_VERSION = 5.0;
				TARGETED_DEVICE_FAMILY = "1,2";
			};
			name = Release;
		};
		4F44C2AA25874D3600FFAD31 /* Debug */ = {
			isa = XCBuildConfiguration;
			buildSettings = {
				ALWAYS_EMBED_SWIFT_STANDARD_LIBRARIES = YES;
				BUNDLE_LOADER = "$(TEST_HOST)";
				CODE_SIGN_STYLE = Automatic;
				DEVELOPMENT_TEAM = 6U2TAM5353;
				INFOPLIST_FILE = GridPhotoWallPracticeTests/Info.plist;
				IPHONEOS_DEPLOYMENT_TARGET = 14.2;
				LD_RUNPATH_SEARCH_PATHS = (
					"$(inherited)",
					"@executable_path/Frameworks",
					"@loader_path/Frameworks",
				);
				PRODUCT_BUNDLE_IDENTIFIER = com.krauserhuang.GridPhotoWallPracticeTests;
				PRODUCT_NAME = "$(TARGET_NAME)";
				SWIFT_VERSION = 5.0;
				TARGETED_DEVICE_FAMILY = "1,2";
				TEST_HOST = "$(BUILT_PRODUCTS_DIR)/GridPhotoWallPractice.app/GridPhotoWallPractice";
			};
			name = Debug;
		};
		4F44C2AB25874D3600FFAD31 /* Release */ = {
			isa = XCBuildConfiguration;
			buildSettings = {
				ALWAYS_EMBED_SWIFT_STANDARD_LIBRARIES = YES;
				BUNDLE_LOADER = "$(TEST_HOST)";
				CODE_SIGN_STYLE = Automatic;
				DEVELOPMENT_TEAM = 6U2TAM5353;
				INFOPLIST_FILE = GridPhotoWallPracticeTests/Info.plist;
				IPHONEOS_DEPLOYMENT_TARGET = 14.2;
				LD_RUNPATH_SEARCH_PATHS = (
					"$(inherited)",
					"@executable_path/Frameworks",
					"@loader_path/Frameworks",
				);
				PRODUCT_BUNDLE_IDENTIFIER = com.krauserhuang.GridPhotoWallPracticeTests;
				PRODUCT_NAME = "$(TARGET_NAME)";
				SWIFT_VERSION = 5.0;
				TARGETED_DEVICE_FAMILY = "1,2";
				TEST_HOST = "$(BUILT_PRODUCTS_DIR)/GridPhotoWallPractice.app/GridPhotoWallPractice";
			};
			name = Release;
		};
		4F44C2AD25874D3600FFAD31 /* Debug */ = {
			isa = XCBuildConfiguration;
			buildSettings = {
				ALWAYS_EMBED_SWIFT_STANDARD_LIBRARIES = YES;
				CODE_SIGN_STYLE = Automatic;
				DEVELOPMENT_TEAM = 6U2TAM5353;
				INFOPLIST_FILE = GridPhotoWallPracticeUITests/Info.plist;
				LD_RUNPATH_SEARCH_PATHS = (
					"$(inherited)",
					"@executable_path/Frameworks",
					"@loader_path/Frameworks",
				);
				PRODUCT_BUNDLE_IDENTIFIER = com.krauserhuang.GridPhotoWallPracticeUITests;
				PRODUCT_NAME = "$(TARGET_NAME)";
				SWIFT_VERSION = 5.0;
				TARGETED_DEVICE_FAMILY = "1,2";
				TEST_TARGET_NAME = GridPhotoWallPractice;
			};
			name = Debug;
		};
		4F44C2AE25874D3600FFAD31 /* Release */ = {
			isa = XCBuildConfiguration;
			buildSettings = {
				ALWAYS_EMBED_SWIFT_STANDARD_LIBRARIES = YES;
				CODE_SIGN_STYLE = Automatic;
				DEVELOPMENT_TEAM = 6U2TAM5353;
				INFOPLIST_FILE = GridPhotoWallPracticeUITests/Info.plist;
				LD_RUNPATH_SEARCH_PATHS = (
					"$(inherited)",
					"@executable_path/Frameworks",
					"@loader_path/Frameworks",
				);
				PRODUCT_BUNDLE_IDENTIFIER = com.krauserhuang.GridPhotoWallPracticeUITests;
				PRODUCT_NAME = "$(TARGET_NAME)";
				SWIFT_VERSION = 5.0;
				TARGETED_DEVICE_FAMILY = "1,2";
				TEST_TARGET_NAME = GridPhotoWallPractice;
			};
			name = Release;
		};
/* End XCBuildConfiguration section */

/* Begin XCConfigurationList section */
		4F44C27725874D3200FFAD31 /* Build configuration list for PBXProject "GridPhotoWallPractice" */ = {
			isa = XCConfigurationList;
			buildConfigurations = (
				4F44C2A425874D3600FFAD31 /* Debug */,
				4F44C2A525874D3600FFAD31 /* Release */,
			);
			defaultConfigurationIsVisible = 0;
			defaultConfigurationName = Release;
		};
		4F44C2A625874D3600FFAD31 /* Build configuration list for PBXNativeTarget "GridPhotoWallPractice" */ = {
			isa = XCConfigurationList;
			buildConfigurations = (
				4F44C2A725874D3600FFAD31 /* Debug */,
				4F44C2A825874D3600FFAD31 /* Release */,
			);
			defaultConfigurationIsVisible = 0;
			defaultConfigurationName = Release;
		};
		4F44C2A925874D3600FFAD31 /* Build configuration list for PBXNativeTarget "GridPhotoWallPracticeTests" */ = {
			isa = XCConfigurationList;
			buildConfigurations = (
				4F44C2AA25874D3600FFAD31 /* Debug */,
				4F44C2AB25874D3600FFAD31 /* Release */,
			);
			defaultConfigurationIsVisible = 0;
			defaultConfigurationName = Release;
		};
		4F44C2AC25874D3600FFAD31 /* Build configuration list for PBXNativeTarget "GridPhotoWallPracticeUITests" */ = {
			isa = XCConfigurationList;
			buildConfigurations = (
				4F44C2AD25874D3600FFAD31 /* Debug */,
				4F44C2AE25874D3600FFAD31 /* Release */,
			);
			defaultConfigurationIsVisible = 0;
			defaultConfigurationName = Release;
		};
/* End XCConfigurationList section */
	};
	rootObject = 4F44C27425874D3200FFAD31 /* Project object */;
}
